
Microsoft Visual Studio Solution File, Format Version 12.00
# Visual Studio 15
VisualStudioVersion = 15.0.26730.15
MinimumVisualStudioVersion = 10.0.40219.1
Project("{FAE04EC0-301F-11D3-BF4B-00C04F79EFBC}") = "ContosoUniversity", "ContosoUniversity\ContosoUniversity.csproj", "{62D027C9-352C-4CB6-B61E-E0AD17B31E23}"
EndProject
Global
	GlobalSection(SolutionConfigurationPlatforms) = preSolution
		Debug|Any CPU = Debug|Any CPU
		Release|Any CPU = Release|Any CPU
	EndGlobalSection
	GlobalSection(ProjectConfigurationPlatforms) = postSolution
		{62D027C9-352C-4CB6-B61E-E0AD17B31E23}.Debug|Any CPU.ActiveCfg = Debug|Any CPU
		{62D027C9-352C-4CB6-B61E-E0AD17B31E23}.Debug|Any CPU.Build.0 = Debug|Any CPU
		{62D027C9-352C-4CB6-B61E-E0AD17B31E23}.Release|Any CPU.ActiveCfg = Release|Any CPU
		{62D027C9-352C-4CB6-B61E-E0AD17B31E23}.Release|Any CPU.Build.0 = Release|Any CPU
	EndGlobalSection
	GlobalSection(SolutionProperties) = preSolution
		HideSolutionNode = FALSE
	EndGlobalSection
	GlobalSection(ExtensibilityGlobals) = postSolution
		SolutionGuid = {316B0ECD-FBFA-43AF-A011-04BCB74A01D7}
	EndGlobalSection
EndGlobal
